
Microsoft Visual Studio Solution File, Format Version 12.00
# Visual Studio Version 17
VisualStudioVersion = 17.4.33205.214
MinimumVisualStudioVersion = 10.0.40219.1
Project("{FAE04EC0-301F-11D3-BF4B-00C04F79EFBC}") = "WinForms_240117_MatrixGrafika", "WinForms_240117_MatrixGrafika.csproj", "{F41F58C1-30DF-496E-8D40-FB098D88487F}"
EndProject
Global
	GlobalSection(SolutionConfigurationPlatforms) = preSolution
		Debug|Any CPU = Debug|Any CPU
		Release|Any CPU = Release|Any CPU
	EndGlobalSection
	GlobalSection(ProjectConfigurationPlatforms) = postSolution
		{F41F58C1-30DF-496E-8D40-FB098D88487F}.Debug|Any CPU.ActiveCfg = Debug|Any CPU
		{F41F58C1-30DF-496E-8D40-FB098D88487F}.Debug|Any CPU.Build.0 = Debug|Any CPU
		{F41F58C1-30DF-496E-8D40-FB098D88487F}.Release|Any CPU.ActiveCfg = Release|Any CPU
		{F41F58C1-30DF-496E-8D40-FB098D88487F}.Release|Any CPU.Build.0 = Release|Any CPU
	EndGlobalSection
	GlobalSection(SolutionProperties) = preSolution
		HideSolutionNode = FALSE
	EndGlobalSection
	GlobalSection(ExtensibilityGlobals) = postSolution
		SolutionGuid = {BD7062DA-064E-4F4D-B3AF-ED793F4A4EEA}
	EndGlobalSection
EndGlobal
